
Microsoft Visual Studio Solution File, Format Version 12.00
# Visual Studio Version 17
VisualStudioVersion = 17.3.32811.315
MinimumVisualStudioVersion = 10.0.40219.1
Project("{FAE04EC0-301F-11D3-BF4B-00C04F79EFBC}") = "AudioStation", "AudioStation\AudioStation.csproj", "{E499D343-0411-4CA2-B41C-C56373154BDC}"
EndProject
Project("{FAE04EC0-301F-11D3-BF4B-00C04F79EFBC}") = "AudioStation.Core", "AudioStation.Core\AudioStation.Core.csproj", "{0D7A20A1-2276-4F3C-841B-60D277AD0E56}"
EndProject
Project("{2150E333-8FDC-42A3-9474-1A3956D46DE8}") = "DatabaseScripts", "DatabaseScripts", "{02EA681E-C7D8-13C7-8484-4AC65E1B71E8}"
	ProjectSection(SolutionItems) = preProject
		audio-station-delete-data.sql = audio-station-delete-data.sql
		audio-station.sql = audio-station.sql
		music-brainz-local.sql = music-brainz-local.sql
	EndProjectSection
EndProject
Project("{2150E333-8FDC-42A3-9474-1A3956D46DE8}") = "Design", "Design", "{14163E52-E33E-4D52-8572-ACA962AD077B}"
	ProjectSection(SolutionItems) = preProject
		import-design.txt = import-design.txt
	EndProjectSection
EndProject
Project("{2150E333-8FDC-42A3-9474-1A3956D46DE8}") = "Solution Items", "Solution Items", "{D741A14F-539E-4485-A705-57DCEBCCF763}"
	ProjectSection(SolutionItems) = preProject
		.editorconfig = .editorconfig
	EndProjectSection
EndProject
Global
	GlobalSection(SolutionConfigurationPlatforms) = preSolution
		Debug|Any CPU = Debug|Any CPU
		Release|Any CPU = Release|Any CPU
	EndGlobalSection
	GlobalSection(ProjectConfigurationPlatforms) = postSolution
		{E499D343-0411-4CA2-B41C-C56373154BDC}.Debug|Any CPU.ActiveCfg = Debug|Any CPU
		{E499D343-0411-4CA2-B41C-C56373154BDC}.Debug|Any CPU.Build.0 = Debug|Any CPU
		{E499D343-0411-4CA2-B41C-C56373154BDC}.Release|Any CPU.ActiveCfg = Release|Any CPU
		{E499D343-0411-4CA2-B41C-C56373154BDC}.Release|Any CPU.Build.0 = Release|Any CPU
		{0D7A20A1-2276-4F3C-841B-60D277AD0E56}.Debug|Any CPU.ActiveCfg = Debug|Any CPU
		{0D7A20A1-2276-4F3C-841B-60D277AD0E56}.Debug|Any CPU.Build.0 = Debug|Any CPU
		{0D7A20A1-2276-4F3C-841B-60D277AD0E56}.Release|Any CPU.ActiveCfg = Release|Any CPU
		{0D7A20A1-2276-4F3C-841B-60D277AD0E56}.Release|Any CPU.Build.0 = Release|Any CPU
	EndGlobalSection
	GlobalSection(SolutionProperties) = preSolution
		HideSolutionNode = FALSE
	EndGlobalSection
	GlobalSection(ExtensibilityGlobals) = postSolution
		SolutionGuid = {83CB65B8-011F-4ED7-BCD3-A6CFA935EF7E}
	EndGlobalSection
EndGlobal
